
Microsoft Visual Studio Solution File, Format Version 12.00
# Visual Studio 15
Project("{FAE04EC0-301F-11D3-BF4B-00C04F79EFBC}") = "Assembly-CSharp", "Assembly-CSharp.csproj", "{74697BB8-9EE2-7F50-D150-AC3FE240FF5F}"
EndProject
Project("{FAE04EC0-301F-11D3-BF4B-00C04F79EFBC}") = "spine-unity", "spine-unity.csproj", "{6F469072-B0EA-50E6-D159-0FC2070004D5}"
EndProject
Project("{FAE04EC0-301F-11D3-BF4B-00C04F79EFBC}") = "spine-unity-examples", "spine-unity-examples.csproj", "{3144F914-E65A-F93E-CD3A-40A73AE2AE30}"
EndProject
Project("{FAE04EC0-301F-11D3-BF4B-00C04F79EFBC}") = "Coffee.UIParticle", "Coffee.UIParticle.csproj", "{21AE4A09-DB63-5304-1B4E-0712CB592369}"
EndProject
Project("{FAE04EC0-301F-11D3-BF4B-00C04F79EFBC}") = "Sirenix.OdinInspector.CompatibilityLayer", "Sirenix.OdinInspector.CompatibilityLayer.csproj", "{6A18CB08-A15E-8918-B490-CCBDDBCDEAF9}"
EndProject
Project("{FAE04EC0-301F-11D3-BF4B-00C04F79EFBC}") = "Assembly-CSharp-Editor", "Assembly-CSharp-Editor.csproj", "{3D08A1A8-79F2-77D1-A623-12E75B1CCB3D}"
EndProject
Project("{FAE04EC0-301F-11D3-BF4B-00C04F79EFBC}") = "spine-unity-editor", "spine-unity-editor.csproj", "{B991E9EE-856D-89A7-7A08-B6A8C69474E9}"
EndProject
Project("{FAE04EC0-301F-11D3-BF4B-00C04F79EFBC}") = "AssetUsageDetector.Editor", "AssetUsageDetector.Editor.csproj", "{A2767F64-3EF9-5A18-D13C-2190AD053426}"
EndProject
Project("{FAE04EC0-301F-11D3-BF4B-00C04F79EFBC}") = "Sirenix.OdinInspector.CompatibilityLayer.Editor", "Sirenix.OdinInspector.CompatibilityLayer.Editor.csproj", "{60092E74-B94B-350E-0A59-075EFCEF8BF9}"
EndProject
Project("{FAE04EC0-301F-11D3-BF4B-00C04F79EFBC}") = "Coffee.UIParticle.Editor", "Coffee.UIParticle.Editor.csproj", "{A08928BF-DB2A-5042-B3E6-D4ACDCF48EAC}"
EndProject
Project("{FAE04EC0-301F-11D3-BF4B-00C04F79EFBC}") = "spine-unity-examples-editor", "spine-unity-examples-editor.csproj", "{55C6609B-6BB7-19CD-0B89-FA57FFE38CAE}"
EndProject
Project("{FAE04EC0-301F-11D3-BF4B-00C04F79EFBC}") = "GoogleMobileAds.Editor", "GoogleMobileAds.Editor.csproj", "{EEF7F05F-1ADA-91F1-82AD-D4751D19ABFE}"
EndProject
Global
	GlobalSection(SolutionConfigurationPlatforms) = preSolution
		Debug|Any CPU = Debug|Any CPU
		Release|Any CPU = Release|Any CPU
	EndGlobalSection
	GlobalSection(ProjectConfigurationPlatforms) = postSolution
		{74697BB8-9EE2-7F50-D150-AC3FE240FF5F}.Debug|Any CPU.ActiveCfg = Debug|Any CPU
		{74697BB8-9EE2-7F50-D150-AC3FE240FF5F}.Debug|Any CPU.Build.0 = Debug|Any CPU
		{74697BB8-9EE2-7F50-D150-AC3FE240FF5F}.Release|Any CPU.ActiveCfg = Release|Any CPU
		{74697BB8-9EE2-7F50-D150-AC3FE240FF5F}.Release|Any CPU.Build.0 = Release|Any CPU
		{6F469072-B0EA-50E6-D159-0FC2070004D5}.Debug|Any CPU.ActiveCfg = Debug|Any CPU
		{6F469072-B0EA-50E6-D159-0FC2070004D5}.Debug|Any CPU.Build.0 = Debug|Any CPU
		{6F469072-B0EA-50E6-D159-0FC2070004D5}.Release|Any CPU.ActiveCfg = Release|Any CPU
		{6F469072-B0EA-50E6-D159-0FC2070004D5}.Release|Any CPU.Build.0 = Release|Any CPU
		{3144F914-E65A-F93E-CD3A-40A73AE2AE30}.Debug|Any CPU.ActiveCfg = Debug|Any CPU
		{3144F914-E65A-F93E-CD3A-40A73AE2AE30}.Debug|Any CPU.Build.0 = Debug|Any CPU
		{3144F914-E65A-F93E-CD3A-40A73AE2AE30}.Release|Any CPU.ActiveCfg = Release|Any CPU
		{3144F914-E65A-F93E-CD3A-40A73AE2AE30}.Release|Any CPU.Build.0 = Release|Any CPU
		{21AE4A09-DB63-5304-1B4E-0712CB592369}.Debug|Any CPU.ActiveCfg = Debug|Any CPU
		{21AE4A09-DB63-5304-1B4E-0712CB592369}.Debug|Any CPU.Build.0 = Debug|Any CPU
		{21AE4A09-DB63-5304-1B4E-0712CB592369}.Release|Any CPU.ActiveCfg = Release|Any CPU
		{21AE4A09-DB63-5304-1B4E-0712CB592369}.Release|Any CPU.Build.0 = Release|Any CPU
		{6A18CB08-A15E-8918-B490-CCBDDBCDEAF9}.Debug|Any CPU.ActiveCfg = Debug|Any CPU
		{6A18CB08-A15E-8918-B490-CCBDDBCDEAF9}.Debug|Any CPU.Build.0 = Debug|Any CPU
		{6A18CB08-A15E-8918-B490-CCBDDBCDEAF9}.Release|Any CPU.ActiveCfg = Release|Any CPU
		{6A18CB08-A15E-8918-B490-CCBDDBCDEAF9}.Release|Any CPU.Build.0 = Release|Any CPU
		{3D08A1A8-79F2-77D1-A623-12E75B1CCB3D}.Debug|Any CPU.ActiveCfg = Debug|Any CPU
		{3D08A1A8-79F2-77D1-A623-12E75B1CCB3D}.Debug|Any CPU.Build.0 = Debug|Any CPU
		{3D08A1A8-79F2-77D1-A623-12E75B1CCB3D}.Release|Any CPU.ActiveCfg = Release|Any CPU
		{3D08A1A8-79F2-77D1-A623-12E75B1CCB3D}.Release|Any CPU.Build.0 = Release|Any CPU
		{B991E9EE-856D-89A7-7A08-B6A8C69474E9}.Debug|Any CPU.ActiveCfg = Debug|Any CPU
		{B991E9EE-856D-89A7-7A08-B6A8C69474E9}.Debug|Any CPU.Build.0 = Debug|Any CPU
		{B991E9EE-856D-89A7-7A08-B6A8C69474E9}.Release|Any CPU.ActiveCfg = Release|Any CPU
		{B991E9EE-856D-89A7-7A08-B6A8C69474E9}.Release|Any CPU.Build.0 = Release|Any CPU
		{A2767F64-3EF9-5A18-D13C-2190AD053426}.Debug|Any CPU.ActiveCfg = Debug|Any CPU
		{A2767F64-3EF9-5A18-D13C-2190AD053426}.Debug|Any CPU.Build.0 = Debug|Any CPU
		{A2767F64-3EF9-5A18-D13C-2190AD053426}.Release|Any CPU.ActiveCfg = Release|Any CPU
		{A2767F64-3EF9-5A18-D13C-2190AD053426}.Release|Any CPU.Build.0 = Release|Any CPU
		{60092E74-B94B-350E-0A59-075EFCEF8BF9}.Debug|Any CPU.ActiveCfg = Debug|Any CPU
		{60092E74-B94B-350E-0A59-075EFCEF8BF9}.Debug|Any CPU.Build.0 = Debug|Any CPU
		{60092E74-B94B-350E-0A59-075EFCEF8BF9}.Release|Any CPU.ActiveCfg = Release|Any CPU
		{60092E74-B94B-350E-0A59-075EFCEF8BF9}.Release|Any CPU.Build.0 = Release|Any CPU
		{A08928BF-DB2A-5042-B3E6-D4ACDCF48EAC}.Debug|Any CPU.ActiveCfg = Debug|Any CPU
		{A08928BF-DB2A-5042-B3E6-D4ACDCF48EAC}.Debug|Any CPU.Build.0 = Debug|Any CPU
		{A08928BF-DB2A-5042-B3E6-D4ACDCF48EAC}.Release|Any CPU.ActiveCfg = Release|Any CPU
		{A08928BF-DB2A-5042-B3E6-D4ACDCF48EAC}.Release|Any CPU.Build.0 = Release|Any CPU
		{55C6609B-6BB7-19CD-0B89-FA57FFE38CAE}.Debug|Any CPU.ActiveCfg = Debug|Any CPU
		{55C6609B-6BB7-19CD-0B89-FA57FFE38CAE}.Debug|Any CPU.Build.0 = Debug|Any CPU
		{55C6609B-6BB7-19CD-0B89-FA57FFE38CAE}.Release|Any CPU.ActiveCfg = Release|Any CPU
		{55C6609B-6BB7-19CD-0B89-FA57FFE38CAE}.Release|Any CPU.Build.0 = Release|Any CPU
		{EEF7F05F-1ADA-91F1-82AD-D4751D19ABFE}.Debug|Any CPU.ActiveCfg = Debug|Any CPU
		{EEF7F05F-1ADA-91F1-82AD-D4751D19ABFE}.Debug|Any CPU.Build.0 = Debug|Any CPU
		{EEF7F05F-1ADA-91F1-82AD-D4751D19ABFE}.Release|Any CPU.ActiveCfg = Release|Any CPU
		{EEF7F05F-1ADA-91F1-82AD-D4751D19ABFE}.Release|Any CPU.Build.0 = Release|Any CPU
	EndGlobalSection
	GlobalSection(SolutionProperties) = preSolution
		HideSolutionNode = FALSE
	EndGlobalSection
EndGlobal
